
Microsoft Visual Studio Solution File, Format Version 12.00
# Visual Studio 14
VisualStudioVersion = 14.0.25420.1
MinimumVisualStudioVersion = 10.0.40219.1
Project("{FAE04EC0-301F-11D3-BF4B-00C04F79EFBC}") = "SliderDemo", "SliderDemo\SliderDemo\SliderDemo.csproj", "{CE2F91BE-D165-4E83-918D-1CB4EA916111}"
EndProject
Project("{FAE04EC0-301F-11D3-BF4B-00C04F79EFBC}") = "SliderDemo.Droid", "SliderDemo\SliderDemo.Droid\SliderDemo.Droid.csproj", "{90192588-AE3F-4EE6-8845-23171F2079FF}"
EndProject
Project("{FAE04EC0-301F-11D3-BF4B-00C04F79EFBC}") = "SliderDemo.iOS", "SliderDemo\SliderDemo.iOS\SliderDemo.iOS.csproj", "{64175B3E-A0BC-46BF-ADD2-6B654DB34D39}"
EndProject
Project("{FAE04EC0-301F-11D3-BF4B-00C04F79EFBC}") = "SliderDemo.WinPhone", "SliderDemo\SliderDemo.WinPhone\SliderDemo.WinPhone.csproj", "{75AC11E3-35D4-439F-B8E6-9D4077A8DFE9}"
EndProject
Project("{FAE04EC0-301F-11D3-BF4B-00C04F79EFBC}") = "SliderDemo.Windows", "SliderDemo\SliderDemo.Windows\SliderDemo.Windows.csproj", "{FD01ED7B-40FD-43A3-A495-08422F90A26D}"
EndProject
Global
	GlobalSection(SolutionConfigurationPlatforms) = preSolution
		Ad-Hoc|Any CPU = Ad-Hoc|Any CPU
		Ad-Hoc|ARM = Ad-Hoc|ARM
		Ad-Hoc|iPhone = Ad-Hoc|iPhone
		Ad-Hoc|iPhoneSimulator = Ad-Hoc|iPhoneSimulator
		Ad-Hoc|x64 = Ad-Hoc|x64
		Ad-Hoc|x86 = Ad-Hoc|x86
		AppStore|Any CPU = AppStore|Any CPU
		AppStore|ARM = AppStore|ARM
		AppStore|iPhone = AppStore|iPhone
		AppStore|iPhoneSimulator = AppStore|iPhoneSimulator
		AppStore|x64 = AppStore|x64
		AppStore|x86 = AppStore|x86
		Debug|Any CPU = Debug|Any CPU
		Debug|ARM = Debug|ARM
		Debug|iPhone = Debug|iPhone
		Debug|iPhoneSimulator = Debug|iPhoneSimulator
		Debug|x64 = Debug|x64
		Debug|x86 = Debug|x86
		Release|Any CPU = Release|Any CPU
		Release|ARM = Release|ARM
		Release|iPhone = Release|iPhone
		Release|iPhoneSimulator = Release|iPhoneSimulator
		Release|x64 = Release|x64
		Release|x86 = Release|x86
	EndGlobalSection
	GlobalSection(ProjectConfigurationPlatforms) = postSolution
		{CE2F91BE-D165-4E83-918D-1CB4EA916111}.Ad-Hoc|Any CPU.ActiveCfg = Release|Any CPU
		{CE2F91BE-D165-4E83-918D-1CB4EA916111}.Ad-Hoc|Any CPU.Build.0 = Release|Any CPU
		{CE2F91BE-D165-4E83-918D-1CB4EA916111}.Ad-Hoc|ARM.ActiveCfg = Release|Any CPU
		{CE2F91BE-D165-4E83-918D-1CB4EA916111}.Ad-Hoc|ARM.Build.0 = Release|Any CPU
		{CE2F91BE-D165-4E83-918D-1CB4EA916111}.Ad-Hoc|iPhone.ActiveCfg = Release|Any CPU
		{CE2F91BE-D165-4E83-918D-1CB4EA916111}.Ad-Hoc|iPhone.Build.0 = Release|Any CPU
		{CE2F91BE-D165-4E83-918D-1CB4EA916111}.Ad-Hoc|iPhoneSimulator.ActiveCfg = Release|Any CPU
		{CE2F91BE-D165-4E83-918D-1CB4EA916111}.Ad-Hoc|iPhoneSimulator.Build.0 = Release|Any CPU
		{CE2F91BE-D165-4E83-918D-1CB4EA916111}.Ad-Hoc|x64.ActiveCfg = Release|Any CPU
		{CE2F91BE-D165-4E83-918D-1CB4EA916111}.Ad-Hoc|x64.Build.0 = Release|Any CPU
		{CE2F91BE-D165-4E83-918D-1CB4EA916111}.Ad-Hoc|x86.ActiveCfg = Release|Any CPU
		{CE2F91BE-D165-4E83-918D-1CB4EA916111}.Ad-Hoc|x86.Build.0 = Release|Any CPU
		{CE2F91BE-D165-4E83-918D-1CB4EA916111}.AppStore|Any CPU.ActiveCfg = Release|Any CPU
		{CE2F91BE-D165-4E83-918D-1CB4EA916111}.AppStore|Any CPU.Build.0 = Release|Any CPU
		{CE2F91BE-D165-4E83-918D-1CB4EA916111}.AppStore|ARM.ActiveCfg = Release|Any CPU
		{CE2F91BE-D165-4E83-918D-1CB4EA916111}.AppStore|ARM.Build.0 = Release|Any CPU
		{CE2F91BE-D165-4E83-918D-1CB4EA916111}.AppStore|iPhone.ActiveCfg = Release|Any CPU
		{CE2F91BE-D165-4E83-918D-1CB4EA916111}.AppStore|iPhone.Build.0 = Release|Any CPU
		{CE2F91BE-D165-4E83-918D-1CB4EA916111}.AppStore|iPhoneSimulator.ActiveCfg = Release|Any CPU
		{CE2F91BE-D165-4E83-918D-1CB4EA916111}.AppStore|iPhoneSimulator.Build.0 = Release|Any CPU
		{CE2F91BE-D165-4E83-918D-1CB4EA916111}.AppStore|x64.ActiveCfg = Release|Any CPU
		{CE2F91BE-D165-4E83-918D-1CB4EA916111}.AppStore|x64.Build.0 = Release|Any CPU
		{CE2F91BE-D165-4E83-918D-1CB4EA916111}.AppStore|x86.ActiveCfg = Release|Any CPU
		{CE2F91BE-D165-4E83-918D-1CB4EA916111}.AppStore|x86.Build.0 = Release|Any CPU
		{CE2F91BE-D165-4E83-918D-1CB4EA916111}.Debug|Any CPU.ActiveCfg = Debug|Any CPU
		{CE2F91BE-D165-4E83-918D-1CB4EA916111}.Debug|Any CPU.Build.0 = Debug|Any CPU
		{CE2F91BE-D165-4E83-918D-1CB4EA916111}.Debug|ARM.ActiveCfg = Debug|Any CPU
		{CE2F91BE-D165-4E83-918D-1CB4EA916111}.Debug|ARM.Build.0 = Debug|Any CPU
		{CE2F91BE-D165-4E83-918D-1CB4EA916111}.Debug|iPhone.ActiveCfg = Debug|Any CPU
		{CE2F91BE-D165-4E83-918D-1CB4EA916111}.Debug|iPhone.Build.0 = Debug|Any CPU
		{CE2F91BE-D165-4E83-918D-1CB4EA916111}.Debug|iPhoneSimulator.ActiveCfg = Debug|Any CPU
		{CE2F91BE-D165-4E83-918D-1CB4EA916111}.Debug|iPhoneSimulator.Build.0 = Debug|Any CPU
		{CE2F91BE-D165-4E83-918D-1CB4EA916111}.Debug|x64.ActiveCfg = Debug|Any CPU
		{CE2F91BE-D165-4E83-918D-1CB4EA916111}.Debug|x64.Build.0 = Debug|Any CPU
		{CE2F91BE-D165-4E83-918D-1CB4EA916111}.Debug|x86.ActiveCfg = Debug|Any CPU
		{CE2F91BE-D165-4E83-918D-1CB4EA916111}.Debug|x86.Build.0 = Debug|Any CPU
		{CE2F91BE-D165-4E83-918D-1CB4EA916111}.Release|Any CPU.ActiveCfg = Release|Any CPU
		{CE2F91BE-D165-4E83-918D-1CB4EA916111}.Release|Any CPU.Build.0 = Release|Any CPU
		{CE2F91BE-D165-4E83-918D-1CB4EA916111}.Release|ARM.ActiveCfg = Release|Any CPU
		{CE2F91BE-D165-4E83-918D-1CB4EA916111}.Release|ARM.Build.0 = Release|Any CPU
		{CE2F91BE-D165-4E83-918D-1CB4EA916111}.Release|iPhone.ActiveCfg = Release|Any CPU
		{CE2F91BE-D165-4E83-918D-1CB4EA916111}.Release|iPhone.Build.0 = Release|Any CPU
		{CE2F91BE-D165-4E83-918D-1CB4EA916111}.Release|iPhoneSimulator.ActiveCfg = Release|Any CPU
		{CE2F91BE-D165-4E83-918D-1CB4EA916111}.Release|iPhoneSimulator.Build.0 = Release|Any CPU
		{CE2F91BE-D165-4E83-918D-1CB4EA916111}.Release|x64.ActiveCfg = Release|Any CPU
		{CE2F91BE-D165-4E83-918D-1CB4EA916111}.Release|x64.Build.0 = Release|Any CPU
		{CE2F91BE-D165-4E83-918D-1CB4EA916111}.Release|x86.ActiveCfg = Release|Any CPU
		{CE2F91BE-D165-4E83-918D-1CB4EA916111}.Release|x86.Build.0 = Release|Any CPU
		{90192588-AE3F-4EE6-8845-23171F2079FF}.Ad-Hoc|Any CPU.ActiveCfg = Release|Any CPU
		{90192588-AE3F-4EE6-8845-23171F2079FF}.Ad-Hoc|Any CPU.Build.0 = Release|Any CPU
		{90192588-AE3F-4EE6-8845-23171F2079FF}.Ad-Hoc|Any CPU.Deploy.0 = Release|Any CPU
		{90192588-AE3F-4EE6-8845-23171F2079FF}.Ad-Hoc|ARM.ActiveCfg = Release|Any CPU
		{90192588-AE3F-4EE6-8845-23171F2079FF}.Ad-Hoc|ARM.Build.0 = Release|Any CPU
		{90192588-AE3F-4EE6-8845-23171F2079FF}.Ad-Hoc|ARM.Deploy.0 = Release|Any CPU
		{90192588-AE3F-4EE6-8845-23171F2079FF}.Ad-Hoc|iPhone.ActiveCfg = Release|Any CPU
		{90192588-AE3F-4EE6-8845-23171F2079FF}.Ad-Hoc|iPhone.Build.0 = Release|Any CPU
		{90192588-AE3F-4EE6-8845-23171F2079FF}.Ad-Hoc|iPhone.Deploy.0 = Release|Any CPU
		{90192588-AE3F-4EE6-8845-23171F2079FF}.Ad-Hoc|iPhoneSimulator.ActiveCfg = Release|Any CPU
		{90192588-AE3F-4EE6-8845-23171F2079FF}.Ad-Hoc|iPhoneSimulator.Build.0 = Release|Any CPU
		{90192588-AE3F-4EE6-8845-23171F2079FF}.Ad-Hoc|iPhoneSimulator.Deploy.0 = Release|Any CPU
		{90192588-AE3F-4EE6-8845-23171F2079FF}.Ad-Hoc|x64.ActiveCfg = Release|Any CPU
		{90192588-AE3F-4EE6-8845-23171F2079FF}.Ad-Hoc|x64.Build.0 = Release|Any CPU
		{90192588-AE3F-4EE6-8845-23171F2079FF}.Ad-Hoc|x64.Deploy.0 = Release|Any CPU
		{90192588-AE3F-4EE6-8845-23171F2079FF}.Ad-Hoc|x86.ActiveCfg = Release|Any CPU
		{90192588-AE3F-4EE6-8845-23171F2079FF}.Ad-Hoc|x86.Build.0 = Release|Any CPU
		{90192588-AE3F-4EE6-8845-23171F2079FF}.Ad-Hoc|x86.Deploy.0 = Release|Any CPU
		{90192588-AE3F-4EE6-8845-23171F2079FF}.AppStore|Any CPU.ActiveCfg = Release|Any CPU
		{90192588-AE3F-4EE6-8845-23171F2079FF}.AppStore|Any CPU.Build.0 = Release|Any CPU
		{90192588-AE3F-4EE6-8845-23171F2079FF}.AppStore|Any CPU.Deploy.0 = Release|Any CPU
		{90192588-AE3F-4EE6-8845-23171F2079FF}.AppStore|ARM.ActiveCfg = Release|Any CPU
		{90192588-AE3F-4EE6-8845-23171F2079FF}.AppStore|ARM.Build.0 = Release|Any CPU
		{90192588-AE3F-4EE6-8845-23171F2079FF}.AppStore|ARM.Deploy.0 = Release|Any CPU
		{90192588-AE3F-4EE6-8845-23171F2079FF}.AppStore|iPhone.ActiveCfg = Release|Any CPU
		{90192588-AE3F-4EE6-8845-23171F2079FF}.AppStore|iPhone.Build.0 = Release|Any CPU
		{90192588-AE3F-4EE6-8845-23171F2079FF}.AppStore|iPhone.Deploy.0 = Release|Any CPU
		{90192588-AE3F-4EE6-8845-23171F2079FF}.AppStore|iPhoneSimulator.ActiveCfg = Release|Any CPU
		{90192588-AE3F-4EE6-8845-23171F2079FF}.AppStore|iPhoneSimulator.Build.0 = Release|Any CPU
		{90192588-AE3F-4EE6-8845-23171F2079FF}.AppStore|iPhoneSimulator.Deploy.0 = Release|Any CPU
		{90192588-AE3F-4EE6-8845-23171F2079FF}.AppStore|x64.ActiveCfg = Release|Any CPU
		{90192588-AE3F-4EE6-8845-23171F2079FF}.AppStore|x64.Build.0 = Release|Any CPU
		{90192588-AE3F-4EE6-8845-23171F2079FF}.AppStore|x64.Deploy.0 = Release|Any CPU
		{90192588-AE3F-4EE6-8845-23171F2079FF}.AppStore|x86.ActiveCfg = Release|Any CPU
		{90192588-AE3F-4EE6-8845-23171F2079FF}.AppStore|x86.Build.0 = Release|Any CPU
		{90192588-AE3F-4EE6-8845-23171F2079FF}.AppStore|x86.Deploy.0 = Release|Any CPU
		{90192588-AE3F-4EE6-8845-23171F2079FF}.Debug|Any CPU.ActiveCfg = Debug|Any CPU
		{90192588-AE3F-4EE6-8845-23171F2079FF}.Debug|Any CPU.Build.0 = Debug|Any CPU
		{90192588-AE3F-4EE6-8845-23171F2079FF}.Debug|Any CPU.Deploy.0 = Debug|Any CPU
		{90192588-AE3F-4EE6-8845-23171F2079FF}.Debug|ARM.ActiveCfg = Debug|Any CPU
		{90192588-AE3F-4EE6-8845-23171F2079FF}.Debug|ARM.Build.0 = Debug|Any CPU
		{90192588-AE3F-4EE6-8845-23171F2079FF}.Debug|ARM.Deploy.0 = Debug|Any CPU
		{90192588-AE3F-4EE6-8845-23171F2079FF}.Debug|iPhone.ActiveCfg = Debug|Any CPU
		{90192588-AE3F-4EE6-8845-23171F2079FF}.Debug|iPhone.Build.0 = Debug|Any CPU
		{90192588-AE3F-4EE6-8845-23171F2079FF}.Debug|iPhone.Deploy.0 = Debug|Any CPU
		{90192588-AE3F-4EE6-8845-23171F2079FF}.Debug|iPhoneSimulator.ActiveCfg = Debug|Any CPU
		{90192588-AE3F-4EE6-8845-23171F2079FF}.Debug|iPhoneSimulator.Build.0 = Debug|Any CPU
		{90192588-AE3F-4EE6-8845-23171F2079FF}.Debug|iPhoneSimulator.Deploy.0 = Debug|Any CPU
		{90192588-AE3F-4EE6-8845-23171F2079FF}.Debug|x64.ActiveCfg = Debug|Any CPU
		{90192588-AE3F-4EE6-8845-23171F2079FF}.Debug|x64.Build.0 = Debug|Any CPU
		{90192588-AE3F-4EE6-8845-23171F2079FF}.Debug|x64.Deploy.0 = Debug|Any CPU
		{90192588-AE3F-4EE6-8845-23171F2079FF}.Debug|x86.ActiveCfg = Debug|Any CPU
		{90192588-AE3F-4EE6-8845-23171F2079FF}.Debug|x86.Build.0 = Debug|Any CPU
		{90192588-AE3F-4EE6-8845-23171F2079FF}.Debug|x86.Deploy.0 = Debug|Any CPU
		{90192588-AE3F-4EE6-8845-23171F2079FF}.Release|Any CPU.ActiveCfg = Release|Any CPU
		{90192588-AE3F-4EE6-8845-23171F2079FF}.Release|Any CPU.Build.0 = Release|Any CPU
		{90192588-AE3F-4EE6-8845-23171F2079FF}.Release|Any CPU.Deploy.0 = Release|Any CPU
		{90192588-AE3F-4EE6-8845-23171F2079FF}.Release|ARM.ActiveCfg = Release|Any CPU
		{90192588-AE3F-4EE6-8845-23171F2079FF}.Release|ARM.Build.0 = Release|Any CPU
		{90192588-AE3F-4EE6-8845-23171F2079FF}.Release|ARM.Deploy.0 = Release|Any CPU
		{90192588-AE3F-4EE6-8845-23171F2079FF}.Release|iPhone.ActiveCfg = Release|Any CPU
		{90192588-AE3F-4EE6-8845-23171F2079FF}.Release|iPhone.Build.0 = Release|Any CPU
		{90192588-AE3F-4EE6-8845-23171F2079FF}.Release|iPhone.Deploy.0 = Release|Any CPU
		{90192588-AE3F-4EE6-8845-23171F2079FF}.Release|iPhoneSimulator.ActiveCfg = Release|Any CPU
		{90192588-AE3F-4EE6-8845-23171F2079FF}.Release|iPhoneSimulator.Build.0 = Release|Any CPU
		{90192588-AE3F-4EE6-8845-23171F2079FF}.Release|iPhoneSimulator.Deploy.0 = Release|Any CPU
		{90192588-AE3F-4EE6-8845-23171F2079FF}.Release|x64.ActiveCfg = Release|Any CPU
		{90192588-AE3F-4EE6-8845-23171F2079FF}.Release|x64.Build.0 = Release|Any CPU
		{90192588-AE3F-4EE6-8845-23171F2079FF}.Release|x64.Deploy.0 = Release|Any CPU
		{90192588-AE3F-4EE6-8845-23171F2079FF}.Release|x86.ActiveCfg = Release|Any CPU
		{90192588-AE3F-4EE6-8845-23171F2079FF}.Release|x86.Build.0 = Release|Any CPU
		{90192588-AE3F-4EE6-8845-23171F2079FF}.Release|x86.Deploy.0 = Release|Any CPU
		{64175B3E-A0BC-46BF-ADD2-6B654DB34D39}.Ad-Hoc|Any CPU.ActiveCfg = Ad-Hoc|iPhone
		{64175B3E-A0BC-46BF-ADD2-6B654DB34D39}.Ad-Hoc|ARM.ActiveCfg = Ad-Hoc|iPhone
		{64175B3E-A0BC-46BF-ADD2-6B654DB34D39}.Ad-Hoc|iPhone.ActiveCfg = Ad-Hoc|iPhone
		{64175B3E-A0BC-46BF-ADD2-6B654DB34D39}.Ad-Hoc|iPhone.Build.0 = Ad-Hoc|iPhone
		{64175B3E-A0BC-46BF-ADD2-6B654DB34D39}.Ad-Hoc|iPhoneSimulator.ActiveCfg = Ad-Hoc|iPhoneSimulator
		{64175B3E-A0BC-46BF-ADD2-6B654DB34D39}.Ad-Hoc|iPhoneSimulator.Build.0 = Ad-Hoc|iPhoneSimulator
		{64175B3E-A0BC-46BF-ADD2-6B654DB34D39}.Ad-Hoc|x64.ActiveCfg = Ad-Hoc|iPhone
		{64175B3E-A0BC-46BF-ADD2-6B654DB34D39}.Ad-Hoc|x86.ActiveCfg = Ad-Hoc|iPhone
		{64175B3E-A0BC-46BF-ADD2-6B654DB34D39}.AppStore|Any CPU.ActiveCfg = AppStore|iPhone
		{64175B3E-A0BC-46BF-ADD2-6B654DB34D39}.AppStore|ARM.ActiveCfg = AppStore|iPhone
		{64175B3E-A0BC-46BF-ADD2-6B654DB34D39}.AppStore|iPhone.ActiveCfg = AppStore|iPhone
		{64175B3E-A0BC-46BF-ADD2-6B654DB34D39}.AppStore|iPhone.Build.0 = AppStore|iPhone
		{64175B3E-A0BC-46BF-ADD2-6B654DB34D39}.AppStore|iPhoneSimulator.ActiveCfg = AppStore|iPhoneSimulator
		{64175B3E-A0BC-46BF-ADD2-6B654DB34D39}.AppStore|iPhoneSimulator.Build.0 = AppStore|iPhoneSimulator
		{64175B3E-A0BC-46BF-ADD2-6B654DB34D39}.AppStore|x64.ActiveCfg = AppStore|iPhone
		{64175B3E-A0BC-46BF-ADD2-6B654DB34D39}.AppStore|x86.ActiveCfg = AppStore|iPhone
		{64175B3E-A0BC-46BF-ADD2-6B654DB34D39}.Debug|Any CPU.ActiveCfg = Debug|iPhone
		{64175B3E-A0BC-46BF-ADD2-6B654DB34D39}.Debug|ARM.ActiveCfg = Debug|iPhone
		{64175B3E-A0BC-46BF-ADD2-6B654DB34D39}.Debug|iPhone.ActiveCfg = Debug|iPhone
		{64175B3E-A0BC-46BF-ADD2-6B654DB34D39}.Debug|iPhone.Build.0 = Debug|iPhone
		{64175B3E-A0BC-46BF-ADD2-6B654DB34D39}.Debug|iPhoneSimulator.ActiveCfg = Debug|iPhoneSimulator
		{64175B3E-A0BC-46BF-ADD2-6B654DB34D39}.Debug|iPhoneSimulator.Build.0 = Debug|iPhoneSimulator
		{64175B3E-A0BC-46BF-ADD2-6B654DB34D39}.Debug|x64.ActiveCfg = Debug|iPhone
		{64175B3E-A0BC-46BF-ADD2-6B654DB34D39}.Debug|x86.ActiveCfg = Debug|iPhone
		{64175B3E-A0BC-46BF-ADD2-6B654DB34D39}.Release|Any CPU.ActiveCfg = Release|iPhone
		{64175B3E-A0BC-46BF-ADD2-6B654DB34D39}.Release|ARM.ActiveCfg = Release|iPhone
		{64175B3E-A0BC-46BF-ADD2-6B654DB34D39}.Release|iPhone.ActiveCfg = Release|iPhone
		{64175B3E-A0BC-46BF-ADD2-6B654DB34D39}.Release|iPhone.Build.0 = Release|iPhone
		{64175B3E-A0BC-46BF-ADD2-6B654DB34D39}.Release|iPhoneSimulator.ActiveCfg = Release|iPhoneSimulator
		{64175B3E-A0BC-46BF-ADD2-6B654DB34D39}.Release|iPhoneSimulator.Build.0 = Release|iPhoneSimulator
		{64175B3E-A0BC-46BF-ADD2-6B654DB34D39}.Release|x64.ActiveCfg = Release|iPhone
		{64175B3E-A0BC-46BF-ADD2-6B654DB34D39}.Release|x86.ActiveCfg = Release|iPhone
		{75AC11E3-35D4-439F-B8E6-9D4077A8DFE9}.Ad-Hoc|Any CPU.ActiveCfg = Release|Any CPU
		{75AC11E3-35D4-439F-B8E6-9D4077A8DFE9}.Ad-Hoc|Any CPU.Build.0 = Release|Any CPU
		{75AC11E3-35D4-439F-B8E6-9D4077A8DFE9}.Ad-Hoc|Any CPU.Deploy.0 = Release|Any CPU
		{75AC11E3-35D4-439F-B8E6-9D4077A8DFE9}.Ad-Hoc|ARM.ActiveCfg = Release|ARM
		{75AC11E3-35D4-439F-B8E6-9D4077A8DFE9}.Ad-Hoc|ARM.Build.0 = Release|ARM
		{75AC11E3-35D4-439F-B8E6-9D4077A8DFE9}.Ad-Hoc|ARM.Deploy.0 = Release|ARM
		{75AC11E3-35D4-439F-B8E6-9D4077A8DFE9}.Ad-Hoc|iPhone.ActiveCfg = Release|Any CPU
		{75AC11E3-35D4-439F-B8E6-9D4077A8DFE9}.Ad-Hoc|iPhone.Build.0 = Release|Any CPU
		{75AC11E3-35D4-439F-B8E6-9D4077A8DFE9}.Ad-Hoc|iPhone.Deploy.0 = Release|Any CPU
		{75AC11E3-35D4-439F-B8E6-9D4077A8DFE9}.Ad-Hoc|iPhoneSimulator.ActiveCfg = Release|Any CPU
		{75AC11E3-35D4-439F-B8E6-9D4077A8DFE9}.Ad-Hoc|iPhoneSimulator.Build.0 = Release|Any CPU
		{75AC11E3-35D4-439F-B8E6-9D4077A8DFE9}.Ad-Hoc|iPhoneSimulator.Deploy.0 = Release|Any CPU
		{75AC11E3-35D4-439F-B8E6-9D4077A8DFE9}.Ad-Hoc|x64.ActiveCfg = Release|Any CPU
		{75AC11E3-35D4-439F-B8E6-9D4077A8DFE9}.Ad-Hoc|x64.Build.0 = Release|Any CPU
		{75AC11E3-35D4-439F-B8E6-9D4077A8DFE9}.Ad-Hoc|x64.Deploy.0 = Release|Any CPU
		{75AC11E3-35D4-439F-B8E6-9D4077A8DFE9}.Ad-Hoc|x86.ActiveCfg = Release|x86
		{75AC11E3-35D4-439F-B8E6-9D4077A8DFE9}.Ad-Hoc|x86.Build.0 = Release|x86
		{75AC11E3-35D4-439F-B8E6-9D4077A8DFE9}.Ad-Hoc|x86.Deploy.0 = Release|x86
		{75AC11E3-35D4-439F-B8E6-9D4077A8DFE9}.AppStore|Any CPU.ActiveCfg = Release|Any CPU
		{75AC11E3-35D4-439F-B8E6-9D4077A8DFE9}.AppStore|Any CPU.Build.0 = Release|Any CPU
		{75AC11E3-35D4-439F-B8E6-9D4077A8DFE9}.AppStore|Any CPU.Deploy.0 = Release|Any CPU
		{75AC11E3-35D4-439F-B8E6-9D4077A8DFE9}.AppStore|ARM.ActiveCfg = Release|ARM
		{75AC11E3-35D4-439F-B8E6-9D4077A8DFE9}.AppStore|ARM.Build.0 = Release|ARM
		{75AC11E3-35D4-439F-B8E6-9D4077A8DFE9}.AppStore|ARM.Deploy.0 = Release|ARM
		{75AC11E3-35D4-439F-B8E6-9D4077A8DFE9}.AppStore|iPhone.ActiveCfg = Release|Any CPU
		{75AC11E3-35D4-439F-B8E6-9D4077A8DFE9}.AppStore|iPhone.Build.0 = Release|Any CPU
		{75AC11E3-35D4-439F-B8E6-9D4077A8DFE9}.AppStore|iPhone.Deploy.0 = Release|Any CPU
		{75AC11E3-35D4-439F-B8E6-9D4077A8DFE9}.AppStore|iPhoneSimulator.ActiveCfg = Release|Any CPU
		{75AC11E3-35D4-439F-B8E6-9D4077A8DFE9}.AppStore|iPhoneSimulator.Build.0 = Release|Any CPU
		{75AC11E3-35D4-439F-B8E6-9D4077A8DFE9}.AppStore|iPhoneSimulator.Deploy.0 = Release|Any CPU
		{75AC11E3-35D4-439F-B8E6-9D4077A8DFE9}.AppStore|x64.ActiveCfg = Release|Any CPU
		{75AC11E3-35D4-439F-B8E6-9D4077A8DFE9}.AppStore|x64.Build.0 = Release|Any CPU
		{75AC11E3-35D4-439F-B8E6-9D4077A8DFE9}.AppStore|x64.Deploy.0 = Release|Any CPU
		{75AC11E3-35D4-439F-B8E6-9D4077A8DFE9}.AppStore|x86.ActiveCfg = Release|x86
		{75AC11E3-35D4-439F-B8E6-9D4077A8DFE9}.AppStore|x86.Build.0 = Release|x86
		{75AC11E3-35D4-439F-B8E6-9D4077A8DFE9}.AppStore|x86.Deploy.0 = Release|x86
		{75AC11E3-35D4-439F-B8E6-9D4077A8DFE9}.Debug|Any CPU.ActiveCfg = Debug|Any CPU
		{75AC11E3-35D4-439F-B8E6-9D4077A8DFE9}.Debug|Any CPU.Build.0 = Debug|Any CPU
		{75AC11E3-35D4-439F-B8E6-9D4077A8DFE9}.Debug|Any CPU.Deploy.0 = Debug|Any CPU
		{75AC11E3-35D4-439F-B8E6-9D4077A8DFE9}.Debug|ARM.ActiveCfg = Debug|ARM
		{75AC11E3-35D4-439F-B8E6-9D4077A8DFE9}.Debug|ARM.Build.0 = Debug|ARM
		{75AC11E3-35D4-439F-B8E6-9D4077A8DFE9}.Debug|ARM.Deploy.0 = Debug|ARM
		{75AC11E3-35D4-439F-B8E6-9D4077A8DFE9}.Debug|iPhone.ActiveCfg = Debug|Any CPU
		{75AC11E3-35D4-439F-B8E6-9D4077A8DFE9}.Debug|iPhone.Build.0 = Debug|Any CPU
		{75AC11E3-35D4-439F-B8E6-9D4077A8DFE9}.Debug|iPhone.Deploy.0 = Debug|Any CPU
		{75AC11E3-35D4-439F-B8E6-9D4077A8DFE9}.Debug|iPhoneSimulator.ActiveCfg = Debug|Any CPU
		{75AC11E3-35D4-439F-B8E6-9D4077A8DFE9}.Debug|iPhoneSimulator.Build.0 = Debug|Any CPU
		{75AC11E3-35D4-439F-B8E6-9D4077A8DFE9}.Debug|iPhoneSimulator.Deploy.0 = Debug|Any CPU
		{75AC11E3-35D4-439F-B8E6-9D4077A8DFE9}.Debug|x64.ActiveCfg = Debug|Any CPU
		{75AC11E3-35D4-439F-B8E6-9D4077A8DFE9}.Debug|x64.Build.0 = Debug|Any CPU
		{75AC11E3-35D4-439F-B8E6-9D4077A8DFE9}.Debug|x64.Deploy.0 = Debug|Any CPU
		{75AC11E3-35D4-439F-B8E6-9D4077A8DFE9}.Debug|x86.ActiveCfg = Debug|x86
		{75AC11E3-35D4-439F-B8E6-9D4077A8DFE9}.Debug|x86.Build.0 = Debug|x86
		{75AC11E3-35D4-439F-B8E6-9D4077A8DFE9}.Debug|x86.Deploy.0 = Debug|x86
		{75AC11E3-35D4-439F-B8E6-9D4077A8DFE9}.Release|Any CPU.ActiveCfg = Release|Any CPU
		{75AC11E3-35D4-439F-B8E6-9D4077A8DFE9}.Release|Any CPU.Build.0 = Release|Any CPU
		{75AC11E3-35D4-439F-B8E6-9D4077A8DFE9}.Release|Any CPU.Deploy.0 = Release|Any CPU
		{75AC11E3-35D4-439F-B8E6-9D4077A8DFE9}.Release|ARM.ActiveCfg = Release|ARM
		{75AC11E3-35D4-439F-B8E6-9D4077A8DFE9}.Release|ARM.Build.0 = Release|ARM
		{75AC11E3-35D4-439F-B8E6-9D4077A8DFE9}.Release|ARM.Deploy.0 = Release|ARM
		{75AC11E3-35D4-439F-B8E6-9D4077A8DFE9}.Release|iPhone.ActiveCfg = Release|Any CPU
		{75AC11E3-35D4-439F-B8E6-9D4077A8DFE9}.Release|iPhone.Build.0 = Release|Any CPU
		{75AC11E3-35D4-439F-B8E6-9D4077A8DFE9}.Release|iPhone.Deploy.0 = Release|Any CPU
		{75AC11E3-35D4-439F-B8E6-9D4077A8DFE9}.Release|iPhoneSimulator.ActiveCfg = Release|Any CPU
		{75AC11E3-35D4-439F-B8E6-9D4077A8DFE9}.Release|iPhoneSimulator.Build.0 = Release|Any CPU
		{75AC11E3-35D4-439F-B8E6-9D4077A8DFE9}.Release|iPhoneSimulator.Deploy.0 = Release|Any CPU
		{75AC11E3-35D4-439F-B8E6-9D4077A8DFE9}.Release|x64.ActiveCfg = Release|Any CPU
		{75AC11E3-35D4-439F-B8E6-9D4077A8DFE9}.Release|x64.Build.0 = Release|Any CPU
		{75AC11E3-35D4-439F-B8E6-9D4077A8DFE9}.Release|x64.Deploy.0 = Release|Any CPU
		{75AC11E3-35D4-439F-B8E6-9D4077A8DFE9}.Release|x86.ActiveCfg = Release|x86
		{75AC11E3-35D4-439F-B8E6-9D4077A8DFE9}.Release|x86.Build.0 = Release|x86
		{75AC11E3-35D4-439F-B8E6-9D4077A8DFE9}.Release|x86.Deploy.0 = Release|x86
		{FD01ED7B-40FD-43A3-A495-08422F90A26D}.Ad-Hoc|Any CPU.ActiveCfg = Release|Any CPU
		{FD01ED7B-40FD-43A3-A495-08422F90A26D}.Ad-Hoc|Any CPU.Build.0 = Release|Any CPU
		{FD01ED7B-40FD-43A3-A495-08422F90A26D}.Ad-Hoc|Any CPU.Deploy.0 = Release|Any CPU
		{FD01ED7B-40FD-43A3-A495-08422F90A26D}.Ad-Hoc|ARM.ActiveCfg = Release|ARM
		{FD01ED7B-40FD-43A3-A495-08422F90A26D}.Ad-Hoc|ARM.Build.0 = Release|ARM
		{FD01ED7B-40FD-43A3-A495-08422F90A26D}.Ad-Hoc|ARM.Deploy.0 = Release|ARM
		{FD01ED7B-40FD-43A3-A495-08422F90A26D}.Ad-Hoc|iPhone.ActiveCfg = Release|Any CPU
		{FD01ED7B-40FD-43A3-A495-08422F90A26D}.Ad-Hoc|iPhone.Build.0 = Release|Any CPU
		{FD01ED7B-40FD-43A3-A495-08422F90A26D}.Ad-Hoc|iPhone.Deploy.0 = Release|Any CPU
		{FD01ED7B-40FD-43A3-A495-08422F90A26D}.Ad-Hoc|iPhoneSimulator.ActiveCfg = Release|Any CPU
		{FD01ED7B-40FD-43A3-A495-08422F90A26D}.Ad-Hoc|iPhoneSimulator.Build.0 = Release|Any CPU
		{FD01ED7B-40FD-43A3-A495-08422F90A26D}.Ad-Hoc|iPhoneSimulator.Deploy.0 = Release|Any CPU
		{FD01ED7B-40FD-43A3-A495-08422F90A26D}.Ad-Hoc|x64.ActiveCfg = Release|x64
		{FD01ED7B-40FD-43A3-A495-08422F90A26D}.Ad-Hoc|x64.Build.0 = Release|x64
		{FD01ED7B-40FD-43A3-A495-08422F90A26D}.Ad-Hoc|x64.Deploy.0 = Release|x64
		{FD01ED7B-40FD-43A3-A495-08422F90A26D}.Ad-Hoc|x86.ActiveCfg = Release|x86
		{FD01ED7B-40FD-43A3-A495-08422F90A26D}.Ad-Hoc|x86.Build.0 = Release|x86
		{FD01ED7B-40FD-43A3-A495-08422F90A26D}.Ad-Hoc|x86.Deploy.0 = Release|x86
		{FD01ED7B-40FD-43A3-A495-08422F90A26D}.AppStore|Any CPU.ActiveCfg = Release|Any CPU
		{FD01ED7B-40FD-43A3-A495-08422F90A26D}.AppStore|Any CPU.Build.0 = Release|Any CPU
		{FD01ED7B-40FD-43A3-A495-08422F90A26D}.AppStore|Any CPU.Deploy.0 = Release|Any CPU
		{FD01ED7B-40FD-43A3-A495-08422F90A26D}.AppStore|ARM.ActiveCfg = Release|ARM
		{FD01ED7B-40FD-43A3-A495-08422F90A26D}.AppStore|ARM.Build.0 = Release|ARM
		{FD01ED7B-40FD-43A3-A495-08422F90A26D}.AppStore|ARM.Deploy.0 = Release|ARM
		{FD01ED7B-40FD-43A3-A495-08422F90A26D}.AppStore|iPhone.ActiveCfg = Release|Any CPU
		{FD01ED7B-40FD-43A3-A495-08422F90A26D}.AppStore|iPhone.Build.0 = Release|Any CPU
		{FD01ED7B-40FD-43A3-A495-08422F90A26D}.AppStore|iPhone.Deploy.0 = Release|Any CPU
		{FD01ED7B-40FD-43A3-A495-08422F90A26D}.AppStore|iPhoneSimulator.ActiveCfg = Release|Any CPU
		{FD01ED7B-40FD-43A3-A495-08422F90A26D}.AppStore|iPhoneSimulator.Build.0 = Release|Any CPU
		{FD01ED7B-40FD-43A3-A495-08422F90A26D}.AppStore|iPhoneSimulator.Deploy.0 = Release|Any CPU
		{FD01ED7B-40FD-43A3-A495-08422F90A26D}.AppStore|x64.ActiveCfg = Release|x64
		{FD01ED7B-40FD-43A3-A495-08422F90A26D}.AppStore|x64.Build.0 = Release|x64
		{FD01ED7B-40FD-43A3-A495-08422F90A26D}.AppStore|x64.Deploy.0 = Release|x64
		{FD01ED7B-40FD-43A3-A495-08422F90A26D}.AppStore|x86.ActiveCfg = Release|x86
		{FD01ED7B-40FD-43A3-A495-08422F90A26D}.AppStore|x86.Build.0 = Release|x86
		{FD01ED7B-40FD-43A3-A495-08422F90A26D}.AppStore|x86.Deploy.0 = Release|x86
		{FD01ED7B-40FD-43A3-A495-08422F90A26D}.Debug|Any CPU.ActiveCfg = Debug|Any CPU
		{FD01ED7B-40FD-43A3-A495-08422F90A26D}.Debug|Any CPU.Build.0 = Debug|Any CPU
		{FD01ED7B-40FD-43A3-A495-08422F90A26D}.Debug|Any CPU.Deploy.0 = Debug|Any CPU
		{FD01ED7B-40FD-43A3-A495-08422F90A26D}.Debug|ARM.ActiveCfg = Debug|ARM
		{FD01ED7B-40FD-43A3-A495-08422F90A26D}.Debug|ARM.Build.0 = Debug|ARM
		{FD01ED7B-40FD-43A3-A495-08422F90A26D}.Debug|ARM.Deploy.0 = Debug|ARM
		{FD01ED7B-40FD-43A3-A495-08422F90A26D}.Debug|iPhone.ActiveCfg = Debug|Any CPU
		{FD01ED7B-40FD-43A3-A495-08422F90A26D}.Debug|iPhone.Build.0 = Debug|Any CPU
		{FD01ED7B-40FD-43A3-A495-08422F90A26D}.Debug|iPhone.Deploy.0 = Debug|Any CPU
		{FD01ED7B-40FD-43A3-A495-08422F90A26D}.Debug|iPhoneSimulator.ActiveCfg = Debug|Any CPU
		{FD01ED7B-40FD-43A3-A495-08422F90A26D}.Debug|iPhoneSimulator.Build.0 = Debug|Any CPU
		{FD01ED7B-40FD-43A3-A495-08422F90A26D}.Debug|iPhoneSimulator.Deploy.0 = Debug|Any CPU
		{FD01ED7B-40FD-43A3-A495-08422F90A26D}.Debug|x64.ActiveCfg = Debug|x64
		{FD01ED7B-40FD-43A3-A495-08422F90A26D}.Debug|x64.Build.0 = Debug|x64
		{FD01ED7B-40FD-43A3-A495-08422F90A26D}.Debug|x64.Deploy.0 = Debug|x64
		{FD01ED7B-40FD-43A3-A495-08422F90A26D}.Debug|x86.ActiveCfg = Debug|x86
		{FD01ED7B-40FD-43A3-A495-08422F90A26D}.Debug|x86.Build.0 = Debug|x86
		{FD01ED7B-40FD-43A3-A495-08422F90A26D}.Debug|x86.Deploy.0 = Debug|x86
		{FD01ED7B-40FD-43A3-A495-08422F90A26D}.Release|Any CPU.ActiveCfg = Release|Any CPU
		{FD01ED7B-40FD-43A3-A495-08422F90A26D}.Release|Any CPU.Build.0 = Release|Any CPU
		{FD01ED7B-40FD-43A3-A495-08422F90A26D}.Release|Any CPU.Deploy.0 = Release|Any CPU
		{FD01ED7B-40FD-43A3-A495-08422F90A26D}.Release|ARM.ActiveCfg = Release|ARM
		{FD01ED7B-40FD-43A3-A495-08422F90A26D}.Release|ARM.Build.0 = Release|ARM
		{FD01ED7B-40FD-43A3-A495-08422F90A26D}.Release|ARM.Deploy.0 = Release|ARM
		{FD01ED7B-40FD-43A3-A495-08422F90A26D}.Release|iPhone.ActiveCfg = Release|Any CPU
		{FD01ED7B-40FD-43A3-A495-08422F90A26D}.Release|iPhone.Build.0 = Release|Any CPU
		{FD01ED7B-40FD-43A3-A495-08422F90A26D}.Release|iPhone.Deploy.0 = Release|Any CPU
		{FD01ED7B-40FD-43A3-A495-08422F90A26D}.Release|iPhoneSimulator.ActiveCfg = Release|Any CPU
		{FD01ED7B-40FD-43A3-A495-08422F90A26D}.Release|iPhoneSimulator.Build.0 = Release|Any CPU
		{FD01ED7B-40FD-43A3-A495-08422F90A26D}.Release|iPhoneSimulator.Deploy.0 = Release|Any CPU
		{FD01ED7B-40FD-43A3-A495-08422F90A26D}.Release|x64.ActiveCfg = Release|x64
		{FD01ED7B-40FD-43A3-A495-08422F90A26D}.Release|x64.Build.0 = Release|x64
		{FD01ED7B-40FD-43A3-A495-08422F90A26D}.Release|x64.Deploy.0 = Release|x64
		{FD01ED7B-40FD-43A3-A495-08422F90A26D}.Release|x86.ActiveCfg = Release|x86
		{FD01ED7B-40FD-43A3-A495-08422F90A26D}.Release|x86.Build.0 = Release|x86
		{FD01ED7B-40FD-43A3-A495-08422F90A26D}.Release|x86.Deploy.0 = Release|x86
	EndGlobalSection
	GlobalSection(SolutionProperties) = preSolution
		HideSolutionNode = FALSE
	EndGlobalSection
EndGlobal
